PODS:
  - Floaty (4.1.0)
  - FSCalendar (2.8.0)
  - SnapKit (4.2.0)

DEPENDENCIES:
  - Floaty (~> 4.1.0)
  - FSCalendar
  - SnapKit (~> 4.0)

SPEC REPOS:
  https://github.com/cocoapods/specs.git:
    - Floaty
    - FSCalendar
    - SnapKit

SPEC CHECKSUMS:
  Floaty: 1a4e213f3512cf3045ef9cb0c1ff456226d1f66a
  FSCalendar: 3a5ed3636e2ba1b83ebebfcf0c2603105a6f5efe
  SnapKit: fe8a619752f3f27075cc9a90244d75c6c3f27e2a

PODFILE CHECKSUM: e1bb52e5eb47dc42e57469354b278ecf6538e139

COCOAPODS: 1.5.3
